# Pinned research baselines — 2026-10-04

[frappe]
framework_family = "16"
framework_reference = "v16.36.1"
erpnext_reference = "v16.36.1"
database = "MariaDB 11.8"
python_min = "3.14"
node_min = "24"

[axelor]
aos_reference = "v9.1.8"
aop_family = "8.2"
java = "21"
database = "PostgreSQL >= 12"

[policy]
allow_floating_upstream_branches = false
allow_latest_tags = false
