# This is a Gradle generated file for dependency locking.
# Manual edits can break the build and are not advised.
# This file is expected to be part of source control.
aopalliance:aopalliance:1.0=compileClasspath,runtimeClasspath
biz.aQute.bnd:biz.aQute.bnd.annotation:7.1.0=compileClasspath
cglib:cglib:2.2.2=runtimeClasspath
ch.qos.logback:logback-classic:1.5.38=runtimeClasspath
ch.qos.logback:logback-core:1.5.38=runtimeClasspath
com.axelor.addons:axelor-message:4.0.3=compileClasspath,runtimeClasspath
com.axelor.addons:axelor-studio:4.0.7=compileClasspath,runtimeClasspath
com.axelor.addons:axelor-utils:4.0.2=compileClasspath,runtimeClasspath
com.axelor:axelor-common:8.2.3=compileClasspath,runtimeClasspath
com.axelor:axelor-core:8.2.3=compileClasspath,runtimeClasspath
com.axelor:axelor-test:8.0.0=runtimeClasspath
com.axelor:axelor-web:8.2.3=compileClasspath,runtimeClasspath
com.carrotsearch.thirdparty:simple-xml-safe:2.7.1=runtimeClasspath
com.esotericsoftware:kryo:5.6.2=runtimeClasspath
com.esotericsoftware:minlog:1.3.1=runtimeClasspath
com.esotericsoftware:reflectasm:1.11.9=runtimeClasspath
com.fasterxml.jackson.core:jackson-annotations:2.21=compileClasspath,runtimeClasspath
com.fasterxml.jackson.core:jackson-core:2.21.5=compileClasspath,runtimeClasspath
com.fasterxml.jackson.core:jackson-databind:2.21.5=compileClasspath,runtimeClasspath
com.fasterxml.jackson.dataformat:jackson-dataformat-toml:2.21.5=runtimeClasspath
com.fasterxml.jackson.dataformat:jackson-dataformat-xml:2.21.5=runtimeClasspath
com.fasterxml.jackson.dataformat:jackson-dataformat-yaml:2.21.5=runtimeClasspath
com.fasterxml.jackson.datatype:jackson-datatype-guava:2.21.5=compileClasspath,runtimeClasspath
com.fasterxml.jackson.datatype:jackson-datatype-jdk8:2.21.5=compileClasspath,runtimeClasspath
com.fasterxml.jackson.datatype:jackson-datatype-jsr310:2.21.5=compileClasspath,runtimeClasspath
com.fasterxml.jackson.jakarta.rs:jackson-jakarta-rs-base:2.21.5=compileClasspath,runtimeClasspath
com.fasterxml.jackson.jakarta.rs:jackson-jakarta-rs-json-provider:2.21.5=compileClasspath,runtimeClasspath
com.fasterxml.jackson.module:jackson-module-jakarta-xmlbind-annotations:2.21.5=compileClasspath,runtimeClasspath
com.fasterxml.jackson.module:jackson-module-parameter-names:2.21.5=compileClasspath,runtimeClasspath
com.fasterxml.jackson:jackson-bom:2.21.5=compileClasspath,runtimeClasspath
com.fasterxml.uuid:java-uuid-generator:5.1.0=runtimeClasspath
com.fasterxml.woodstox:woodstox-core:7.1.1=compileClasspath,runtimeClasspath
com.fasterxml:classmate:1.5.1=compileClasspath,runtimeClasspath
com.github.ben-manes.caffeine:caffeine:3.2.4=runtimeClasspath
com.github.ben-manes.caffeine:jcache:3.2.4=runtimeClasspath
com.github.jai-imageio:jai-imageio-core:1.4.0=runtimeClasspath
com.github.java-json-tools:btf:1.3=compileClasspath,runtimeClasspath
com.github.java-json-tools:jackson-coreutils:2.0=compileClasspath,runtimeClasspath
com.github.java-json-tools:json-patch:1.13=compileClasspath,runtimeClasspath
com.github.java-json-tools:msg-simple:1.2=compileClasspath,runtimeClasspath
com.github.jtidy:jtidy:1.0.5=compileClasspath,runtimeClasspath
com.github.librepdf:openpdf:3.0.1=compileClasspath,runtimeClasspath
com.github.mifmif:generex:1.0.2=runtimeClasspath
com.github.mwiede:jsch:2.27.3=runtimeClasspath
com.github.ua-parser:uap-java:1.6.1=runtimeClasspath
com.github.virtuald:curvesapi:1.08=compileClasspath,runtimeClasspath
com.google.code.findbugs:jsr305:3.0.2=runtimeClasspath
com.google.errorprone:error_prone_annotations:2.41.0=compileClasspath
com.google.errorprone:error_prone_annotations:2.49.0=runtimeClasspath
com.google.guava:failureaccess:1.0.3=compileClasspath,runtimeClasspath
com.google.guava:guava:33.5.0-jre=compileClasspath,runtimeClasspath
com.google.guava:listenablefuture:9999.0-empty-to-avoid-conflict-with-guava=compileClasspath,runtimeClasspath
com.google.inject.extensions:guice-multibindings:4.2.3=compileClasspath,runtimeClasspath
com.google.inject.extensions:guice-persist:7.0.0=compileClasspath,runtimeClasspath
com.google.inject.extensions:guice-servlet:7.0.0=compileClasspath,runtimeClasspath
com.google.inject:guice:7.0.0=compileClasspath,runtimeClasspath
com.google.j2objc:j2objc-annotations:3.1=compileClasspath,runtimeClasspath
com.google.zxing:core:3.5.0=runtimeClasspath
com.google.zxing:javase:3.4.0=runtimeClasspath
com.ibm.async:asyncutil:0.1.0=compileClasspath,runtimeClasspath
com.ibm.icu:icu4j:78.2=compileClasspath,runtimeClasspath
com.jayway.jsonpath:json-path:2.9.0=runtimeClasspath
com.jcraft:jsch:0.1.55=runtimeClasspath
com.nulab-inc:zxcvbn:1.9.0=runtimeClasspath
com.squareup.okhttp3:okhttp-jvm:5.2.1=runtimeClasspath
com.squareup.okhttp3:okhttp:5.2.1=runtimeClasspath
com.squareup.okio:okio-jvm:3.16.1=runtimeClasspath
com.squareup.okio:okio:3.16.1=runtimeClasspath
com.sun.istack:istack-commons-runtime:4.1.2=compileClasspath,runtimeClasspath
com.sun.istack:istack-commons-tools:4.1.2=compileClasspath,runtimeClasspath
com.sun.xml.bind.external:relaxng-datatype:4.0.7=compileClasspath,runtimeClasspath
com.sun.xml.bind.external:rngom:4.0.7=compileClasspath,runtimeClasspath
com.thoughtworks.qdox:qdox:1.12=compileClasspath,runtimeClasspath
com.thoughtworks.xstream:xstream:1.4.21=compileClasspath,runtimeClasspath
com.typesafe:config:1.4.7=runtimeClasspath
com.zaxxer:HikariCP:7.0.2=compileClasspath,runtimeClasspath
com.zaxxer:SparseBitSet:1.3=compileClasspath,runtimeClasspath
commons-beanutils:commons-beanutils:1.11.0=compileClasspath,runtimeClasspath
commons-cli:commons-cli:1.11.0=compileClasspath,runtimeClasspath
commons-codec:commons-codec:1.21.0=compileClasspath,runtimeClasspath
commons-collections:commons-collections:3.2.2=compileClasspath,runtimeClasspath
commons-digester:commons-digester:2.1=runtimeClasspath
commons-httpclient:commons-httpclient:3.1=runtimeClasspath
commons-io:commons-io:2.21.0=compileClasspath,runtimeClasspath
commons-jxpath:commons-jxpath:1.4.0=runtimeClasspath
commons-logging:commons-logging:1.3.5=runtimeClasspath
commons-net:commons-net:3.12.0=runtimeClasspath
commons-validator:commons-validator:1.7=runtimeClasspath
dev.resteasy.guice:resteasy-guice:1.0.0.Alpha1=compileClasspath,runtimeClasspath
dev.samstevens.totp:totp:1.7.1=runtimeClasspath
dk.brics.automaton:automaton:1.11-8=runtimeClasspath
info.picocli:picocli:4.7.7=runtimeClasspath
io.buji:buji-pac4j:9.1.1=runtimeClasspath
io.github.classgraph:classgraph:4.8.184=runtimeClasspath
io.github.x-stream:mxparser:1.2.2=compileClasspath,runtimeClasspath
io.minio:minio:8.6.0=runtimeClasspath
io.netty:netty-buffer:4.2.12.Final=runtimeClasspath
io.netty:netty-codec-base:4.2.12.Final=runtimeClasspath
io.netty:netty-codec-compression:4.2.12.Final=runtimeClasspath
io.netty:netty-codec-dns:4.2.12.Final=runtimeClasspath
io.netty:netty-codec-marshalling:4.2.12.Final=runtimeClasspath
io.netty:netty-codec-protobuf:4.2.12.Final=runtimeClasspath
io.netty:netty-codec:4.2.12.Final=runtimeClasspath
io.netty:netty-common:4.2.12.Final=runtimeClasspath
io.netty:netty-handler:4.2.12.Final=runtimeClasspath
io.netty:netty-resolver-dns:4.2.12.Final=runtimeClasspath
io.netty:netty-resolver:4.2.12.Final=runtimeClasspath
io.netty:netty-transport-classes-epoll:4.1.128.Final=runtimeClasspath
io.netty:netty-transport-classes-kqueue:4.1.128.Final=runtimeClasspath
io.netty:netty-transport-native-epoll:4.1.128.Final=runtimeClasspath
io.netty:netty-transport-native-kqueue:4.1.128.Final=runtimeClasspath
io.netty:netty-transport-native-unix-common:4.2.12.Final=runtimeClasspath
io.netty:netty-transport:4.2.12.Final=runtimeClasspath
io.projectreactor:reactor-core:3.6.2=runtimeClasspath
io.reactivex.rxjava3:rxjava:3.1.8=runtimeClasspath
io.smallrye.common:smallrye-common-annotation:2.6.0=runtimeClasspath
io.smallrye.common:smallrye-common-constraint:2.6.0=runtimeClasspath
io.smallrye.common:smallrye-common-cpu:2.6.0=runtimeClasspath
io.smallrye.common:smallrye-common-expression:2.4.0=runtimeClasspath
io.smallrye.common:smallrye-common-function:2.6.0=runtimeClasspath
io.smallrye.common:smallrye-common-net:2.4.0=runtimeClasspath
io.smallrye.common:smallrye-common-os:2.4.0=runtimeClasspath
io.smallrye.common:smallrye-common-ref:2.4.0=runtimeClasspath
io.smallrye:jandex:3.2.0=runtimeClasspath
io.swagger.core.v3:swagger-annotations-jakarta:2.2.50=runtimeClasspath
io.swagger.core.v3:swagger-core-jakarta:2.2.50=runtimeClasspath
io.swagger.core.v3:swagger-integration-jakarta:2.2.50=runtimeClasspath
io.swagger.core.v3:swagger-jaxrs2-jakarta:2.2.50=runtimeClasspath
io.swagger.core.v3:swagger-models-jakarta:2.2.50=runtimeClasspath
io.undertow:undertow-core:2.3.19.Final=runtimeClasspath
io.undertow:undertow-servlet:2.3.19.Final=runtimeClasspath
jakarta.activation:jakarta.activation-api:2.1.4=compileClasspath,runtimeClasspath
jakarta.annotation:jakarta.annotation-api:2.1.1=compileClasspath,runtimeClasspath
jakarta.inject:jakarta.inject-api:2.0.1=compileClasspath,runtimeClasspath
jakarta.mail:jakarta.mail-api:2.1.5=runtimeClasspath
jakarta.persistence:jakarta.persistence-api:3.1.0=compileClasspath,runtimeClasspath
jakarta.servlet:jakarta.servlet-api:6.1.0=compileClasspath,runtimeClasspath
jakarta.transaction:jakarta.transaction-api:2.0.1=compileClasspath,runtimeClasspath
jakarta.validation:jakarta.validation-api:3.0.2=compileClasspath,runtimeClasspath
jakarta.websocket:jakarta.websocket-api:2.2.0=runtimeClasspath
jakarta.websocket:jakarta.websocket-client-api:2.2.0=runtimeClasspath
jakarta.ws.rs:jakarta.ws.rs-api:3.1.0=compileClasspath,runtimeClasspath
jakarta.xml.bind:jakarta.xml.bind-api:4.0.5=compileClasspath,runtimeClasspath
jakarta.xml.soap:jakarta.xml.soap-api:3.0.2=runtimeClasspath
jakarta.xml.ws:jakarta.xml.ws-api:4.0.2=runtimeClasspath
javax.activation:activation:1.1=runtimeClasspath
javax.cache:cache-api:1.1.1=compileClasspath,runtimeClasspath
javax.jcr:jcr:2.0=runtimeClasspath
javax.mail:javax.mail-api:1.5.4=runtimeClasspath
joda-time:joda-time:2.12.5=runtimeClasspath
net.bytebuddy:byte-buddy:1.18.10=runtimeClasspath
net.datafaker:datafaker:1.6.0=runtimeClasspath
net.java.dev.jna:jna-platform:5.19.1=compileClasspath,runtimeClasspath
net.java.dev.jna:jna:5.19.1=compileClasspath,runtimeClasspath
net.minidev:accessors-smart:2.5.0=runtimeClasspath
net.minidev:json-smart:2.5.0=runtimeClasspath
org.antlr:ST4:4.3.4=compileClasspath,runtimeClasspath
org.antlr:antlr-runtime:3.5.3=compileClasspath,runtimeClasspath
org.antlr:antlr4-runtime:4.13.2=runtimeClasspath
org.apache.commons:commons-collections4:4.5.0=compileClasspath,runtimeClasspath
org.apache.commons:commons-compress:1.28.0=compileClasspath,runtimeClasspath
org.apache.commons:commons-csv:1.14.1=compileClasspath,runtimeClasspath
org.apache.commons:commons-exec:1.5.0=runtimeClasspath
org.apache.commons:commons-lang3:3.18.0=compileClasspath
org.apache.commons:commons-lang3:3.20.0=runtimeClasspath
org.apache.commons:commons-math3:3.6.1=compileClasspath,runtimeClasspath
org.apache.commons:commons-text:1.15.0=runtimeClasspath
org.apache.groovy:groovy-bom:4.0.32=compileClasspath,runtimeClasspath
org.apache.groovy:groovy-datetime:4.0.32=compileClasspath,runtimeClasspath
org.apache.groovy:groovy-json:4.0.32=compileClasspath,runtimeClasspath
org.apache.groovy:groovy-jsr223:4.0.32=compileClasspath,runtimeClasspath
org.apache.groovy:groovy-nio:4.0.32=compileClasspath,runtimeClasspath
org.apache.groovy:groovy-templates:4.0.32=compileClasspath,runtimeClasspath
org.apache.groovy:groovy-xml:4.0.32=compileClasspath,runtimeClasspath
org.apache.groovy:groovy:4.0.32=compileClasspath,runtimeClasspath
org.apache.httpcomponents:httpclient:4.5.14=compileClasspath,runtimeClasspath
org.apache.httpcomponents:httpcore:4.4.16=compileClasspath,runtimeClasspath
org.apache.jackrabbit:jackrabbit-webdav:2.8.0=runtimeClasspath
org.apache.james:apache-mime4j-core:0.8.13=runtimeClasspath
org.apache.james:apache-mime4j-dom:0.8.13=runtimeClasspath
org.apache.james:apache-mime4j-storage:0.8.13=runtimeClasspath
org.apache.logging.log4j:log4j-api:2.25.3=compileClasspath,runtimeClasspath
org.apache.logging.log4j:log4j-to-slf4j:2.25.3=compileClasspath,runtimeClasspath
org.apache.pdfbox:fontbox:3.0.3=compileClasspath
org.apache.pdfbox:fontbox:3.0.6=runtimeClasspath
org.apache.pdfbox:pdfbox-io:3.0.3=compileClasspath
org.apache.pdfbox:pdfbox-io:3.0.6=runtimeClasspath
org.apache.pdfbox:pdfbox:3.0.6=runtimeClasspath
org.apache.poi:poi-ooxml-lite:5.5.1=compileClasspath,runtimeClasspath
org.apache.poi:poi-ooxml:5.5.1=compileClasspath,runtimeClasspath
org.apache.poi:poi:5.5.1=compileClasspath,runtimeClasspath
org.apache.shiro.crypto:shiro-hashes-argon2:2.1.0=runtimeClasspath
org.apache.shiro.crypto:shiro-hashes-bcrypt:2.1.0=runtimeClasspath
org.apache.shiro:shiro-cache:2.1.0=compileClasspath,runtimeClasspath
org.apache.shiro:shiro-config-core:2.1.0=compileClasspath,runtimeClasspath
org.apache.shiro:shiro-config-ogdl:2.1.0=compileClasspath,runtimeClasspath
org.apache.shiro:shiro-core:2.1.0=compileClasspath,runtimeClasspath
org.apache.shiro:shiro-crypto-cipher:2.1.0=compileClasspath,runtimeClasspath
org.apache.shiro:shiro-crypto-core:2.1.0=compileClasspath,runtimeClasspath
org.apache.shiro:shiro-crypto-hash:2.1.0=compileClasspath,runtimeClasspath
org.apache.shiro:shiro-event:2.1.0=compileClasspath,runtimeClasspath
org.apache.shiro:shiro-guice:2.1.0=compileClasspath,runtimeClasspath
org.apache.shiro:shiro-jcache:2.1.0=compileClasspath,runtimeClasspath
org.apache.shiro:shiro-lang:2.1.0=compileClasspath,runtimeClasspath
org.apache.shiro:shiro-web:2.1.0=compileClasspath,runtimeClasspath
org.apache.tika:tika-core:2.6.0=compileClasspath
org.apache.tika:tika-core:3.2.3=runtimeClasspath
org.apache.tomcat.embed:tomcat-embed-el:10.1.57=runtimeClasspath
org.apache.xmlbeans:xmlbeans:5.3.0=compileClasspath,runtimeClasspath
org.apache.xmlgraphics:batik-anim:1.19=compileClasspath,runtimeClasspath
org.apache.xmlgraphics:batik-awt-util:1.19=compileClasspath,runtimeClasspath
org.apache.xmlgraphics:batik-bridge:1.19=compileClasspath,runtimeClasspath
org.apache.xmlgraphics:batik-codec:1.19=compileClasspath,runtimeClasspath
org.apache.xmlgraphics:batik-constants:1.19=compileClasspath,runtimeClasspath
org.apache.xmlgraphics:batik-css:1.19=compileClasspath,runtimeClasspath
org.apache.xmlgraphics:batik-dom:1.19=compileClasspath,runtimeClasspath
org.apache.xmlgraphics:batik-ext:1.19=compileClasspath,runtimeClasspath
org.apache.xmlgraphics:batik-extension:1.19=compileClasspath,runtimeClasspath
org.apache.xmlgraphics:batik-gvt:1.19=compileClasspath,runtimeClasspath
org.apache.xmlgraphics:batik-i18n:1.19=compileClasspath,runtimeClasspath
org.apache.xmlgraphics:batik-parser:1.19=compileClasspath,runtimeClasspath
org.apache.xmlgraphics:batik-script:1.19=compileClasspath,runtimeClasspath
org.apache.xmlgraphics:batik-shared-resources:1.19=compileClasspath,runtimeClasspath
org.apache.xmlgraphics:batik-svg-dom:1.19=compileClasspath,runtimeClasspath
org.apache.xmlgraphics:batik-svggen:1.19=compileClasspath,runtimeClasspath
org.apache.xmlgraphics:batik-transcoder:1.19=compileClasspath,runtimeClasspath
org.apache.xmlgraphics:batik-util:1.19=compileClasspath,runtimeClasspath
org.apache.xmlgraphics:batik-xml:1.19=compileClasspath,runtimeClasspath
org.apache.xmlgraphics:fop-core:2.11=compileClasspath,runtimeClasspath
org.apache.xmlgraphics:fop-events:2.11=compileClasspath,runtimeClasspath
org.apache.xmlgraphics:fop-util:2.11=compileClasspath,runtimeClasspath
org.apache.xmlgraphics:xmlgraphics-commons:2.11=compileClasspath,runtimeClasspath
org.bouncycastle:bcpkix-jdk18on:1.83=compileClasspath,runtimeClasspath
org.bouncycastle:bcprov-jdk18on:1.83=compileClasspath,runtimeClasspath
org.bouncycastle:bcutil-jdk18on:1.83=compileClasspath,runtimeClasspath
org.camunda.bpm.dmn:camunda-engine-dmn:7.23.0=runtimeClasspath
org.camunda.bpm.dmn:camunda-engine-feel-api:7.23.0=runtimeClasspath
org.camunda.bpm.dmn:camunda-engine-feel-juel:7.23.0=runtimeClasspath
org.camunda.bpm.dmn:camunda-engine-feel-scala:7.23.0=runtimeClasspath
org.camunda.bpm.juel:camunda-juel:7.23.0=runtimeClasspath
org.camunda.bpm.model:camunda-bpmn-model:7.23.0=runtimeClasspath
org.camunda.bpm.model:camunda-cmmn-model:7.23.0=runtimeClasspath
org.camunda.bpm.model:camunda-dmn-model:7.23.0=runtimeClasspath
org.camunda.bpm.model:camunda-xml-model:7.23.0=runtimeClasspath
org.camunda.bpm:camunda-engine-plugin-spin:7.23.0=runtimeClasspath
org.camunda.bpm:camunda-engine:7.23.0=runtimeClasspath
org.camunda.commons:camunda-commons-logging:7.23.0=runtimeClasspath
org.camunda.commons:camunda-commons-typed-values:7.23.0=runtimeClasspath
org.camunda.commons:camunda-commons-utils:7.23.0=runtimeClasspath
org.camunda.feel:feel-engine:1.19.1=runtimeClasspath
org.camunda.spin:camunda-spin-core:7.23.0=runtimeClasspath
org.camunda.spin:camunda-spin-dataformat-json-jackson:7.23.0=runtimeClasspath
org.checkerframework:checker-qual:3.55.1=runtimeClasspath
org.codehaus.woodstox:stax2-api:4.2.2=compileClasspath,runtimeClasspath
org.eclipse.angus:angus-activation:2.0.3=compileClasspath,runtimeClasspath
org.eclipse.angus:angus-mail:2.0.5=runtimeClasspath
org.eclipse.angus:jakarta.mail:2.0.5=compileClasspath,runtimeClasspath
org.eclipse.birt.dependencies:org.eclipse.datatools.connectivity.oda.consumer:3.5.0=compileClasspath,runtimeClasspath
org.eclipse.birt.dependencies:org.eclipse.datatools.connectivity.oda.design:3.6.0=compileClasspath,runtimeClasspath
org.eclipse.birt.dependencies:org.eclipse.datatools.connectivity.oda.profile:3.5.0=compileClasspath,runtimeClasspath
org.eclipse.birt.dependencies:org.eclipse.datatools.connectivity.oda:3.7.0=compileClasspath,runtimeClasspath
org.eclipse.birt.dependencies:org.eclipse.datatools.connectivity:1.15.0=compileClasspath,runtimeClasspath
org.eclipse.birt.dependencies:org.eclipse.datatools.enablement.oda.xml:1.6.0=compileClasspath,runtimeClasspath
org.eclipse.birt.dependencies:org.eclipse.datatools.modelbase.sql.query:1.4.0=compileClasspath,runtimeClasspath
org.eclipse.birt.dependencies:org.eclipse.datatools.modelbase.sql:1.3.0=compileClasspath,runtimeClasspath
org.eclipse.birt.runtime.3_7_1:Tidy:1=runtimeClasspath
org.eclipse.birt:org.eclipse.birt.chart.device.extension:4.23.0=compileClasspath,runtimeClasspath
org.eclipse.birt:org.eclipse.birt.chart.device.pdf:4.23.0=compileClasspath,runtimeClasspath
org.eclipse.birt:org.eclipse.birt.chart.device.svg:4.23.0=compileClasspath,runtimeClasspath
org.eclipse.birt:org.eclipse.birt.chart.engine.extension:4.23.0=compileClasspath,runtimeClasspath
org.eclipse.birt:org.eclipse.birt.chart.engine:4.23.0=compileClasspath,runtimeClasspath
org.eclipse.birt:org.eclipse.birt.chart.reportitem:4.23.0=compileClasspath,runtimeClasspath
org.eclipse.birt:org.eclipse.birt.core.script.function:4.23.0=compileClasspath,runtimeClasspath
org.eclipse.birt:org.eclipse.birt.core:4.23.0=compileClasspath,runtimeClasspath
org.eclipse.birt:org.eclipse.birt.data.aggregation:4.23.0=compileClasspath,runtimeClasspath
org.eclipse.birt:org.eclipse.birt.data.oda.pojo:4.23.0=compileClasspath,runtimeClasspath
org.eclipse.birt:org.eclipse.birt.data:4.23.0=compileClasspath,runtimeClasspath
org.eclipse.birt:org.eclipse.birt.report.data.adapter:4.23.0=compileClasspath,runtimeClasspath
org.eclipse.birt:org.eclipse.birt.report.data.bidi.utils:4.23.0=compileClasspath,runtimeClasspath
org.eclipse.birt:org.eclipse.birt.report.data.oda.excel:4.23.0=compileClasspath,runtimeClasspath
org.eclipse.birt:org.eclipse.birt.report.data.oda.hive:4.23.0=compileClasspath,runtimeClasspath
org.eclipse.birt:org.eclipse.birt.report.data.oda.jdbc.dbprofile:4.23.0=compileClasspath,runtimeClasspath
org.eclipse.birt:org.eclipse.birt.report.data.oda.jdbc:4.23.0=compileClasspath,runtimeClasspath
org.eclipse.birt:org.eclipse.birt.report.data.oda.xml:4.23.0=compileClasspath,runtimeClasspath
org.eclipse.birt:org.eclipse.birt.report.engine.dataextraction.csv:4.23.0=compileClasspath,runtimeClasspath
org.eclipse.birt:org.eclipse.birt.report.engine.dataextraction:4.23.0=compileClasspath,runtimeClasspath
org.eclipse.birt:org.eclipse.birt.report.engine.emitter.config.docx:4.23.0=compileClasspath,runtimeClasspath
org.eclipse.birt:org.eclipse.birt.report.engine.emitter.config.excel:4.23.0=compileClasspath,runtimeClasspath
org.eclipse.birt:org.eclipse.birt.report.engine.emitter.config.html:4.23.0=compileClasspath,runtimeClasspath
org.eclipse.birt:org.eclipse.birt.report.engine.emitter.config.odp:4.23.0=compileClasspath,runtimeClasspath
org.eclipse.birt:org.eclipse.birt.report.engine.emitter.config.ods:4.23.0=compileClasspath,runtimeClasspath
org.eclipse.birt:org.eclipse.birt.report.engine.emitter.config.odt:4.23.0=compileClasspath,runtimeClasspath
org.eclipse.birt:org.eclipse.birt.report.engine.emitter.config.pdf:4.23.0=compileClasspath,runtimeClasspath
org.eclipse.birt:org.eclipse.birt.report.engine.emitter.config.postscript:4.23.0=compileClasspath,runtimeClasspath
org.eclipse.birt:org.eclipse.birt.report.engine.emitter.config.ppt:4.23.0=compileClasspath,runtimeClasspath
org.eclipse.birt:org.eclipse.birt.report.engine.emitter.config.pptx:4.23.0=compileClasspath,runtimeClasspath
org.eclipse.birt:org.eclipse.birt.report.engine.emitter.config.wpml:4.23.0=compileClasspath,runtimeClasspath
org.eclipse.birt:org.eclipse.birt.report.engine.emitter.config:4.23.0=compileClasspath,runtimeClasspath
org.eclipse.birt:org.eclipse.birt.report.engine.emitter.docx:4.23.0=compileClasspath,runtimeClasspath
org.eclipse.birt:org.eclipse.birt.report.engine.emitter.html:4.23.0=compileClasspath,runtimeClasspath
org.eclipse.birt:org.eclipse.birt.report.engine.emitter.odp:4.23.0=compileClasspath,runtimeClasspath
org.eclipse.birt:org.eclipse.birt.report.engine.emitter.ods:4.23.0=compileClasspath,runtimeClasspath
org.eclipse.birt:org.eclipse.birt.report.engine.emitter.odt:4.23.0=compileClasspath,runtimeClasspath
org.eclipse.birt:org.eclipse.birt.report.engine.emitter.pdf:4.23.0=compileClasspath,runtimeClasspath
org.eclipse.birt:org.eclipse.birt.report.engine.emitter.postscript:4.23.0=compileClasspath,runtimeClasspath
org.eclipse.birt:org.eclipse.birt.report.engine.emitter.ppt:4.23.0=compileClasspath,runtimeClasspath
org.eclipse.birt:org.eclipse.birt.report.engine.emitter.pptx:4.23.0=compileClasspath,runtimeClasspath
org.eclipse.birt:org.eclipse.birt.report.engine.emitter.prototype.excel:4.23.0=compileClasspath,runtimeClasspath
org.eclipse.birt:org.eclipse.birt.report.engine.emitter.wpml:4.23.0=compileClasspath,runtimeClasspath
org.eclipse.birt:org.eclipse.birt.report.engine.fonts:4.23.0=compileClasspath,runtimeClasspath
org.eclipse.birt:org.eclipse.birt.report.engine.odf:4.23.0=compileClasspath,runtimeClasspath
org.eclipse.birt:org.eclipse.birt.report.engine.ooxml:4.23.0=compileClasspath,runtimeClasspath
org.eclipse.birt:org.eclipse.birt.report.engine.script.javascript:4.23.0=compileClasspath,runtimeClasspath
org.eclipse.birt:org.eclipse.birt.report.engine:4.23.0=compileClasspath,runtimeClasspath
org.eclipse.birt:org.eclipse.birt.report.item.crosstab.core:4.23.0=compileClasspath,runtimeClasspath
org.eclipse.birt:org.eclipse.birt.report.model.adapter.oda:4.23.0=compileClasspath,runtimeClasspath
org.eclipse.birt:org.eclipse.birt.report.model:4.23.0=compileClasspath,runtimeClasspath
org.eclipse.birt:uk.co.spudsoft.birt.emitters.excel:4.23.0=compileClasspath,runtimeClasspath
org.eclipse.emf:org.eclipse.emf.common:2.46.0=compileClasspath,runtimeClasspath
org.eclipse.emf:org.eclipse.emf.ecore.xmi:2.41.0=compileClasspath,runtimeClasspath
org.eclipse.emf:org.eclipse.emf.ecore:2.43.0=compileClasspath,runtimeClasspath
org.eclipse.persistence:org.eclipse.persistence.asm:9.9.0=runtimeClasspath
org.eclipse.persistence:org.eclipse.persistence.core:4.0.9=runtimeClasspath
org.eclipse.persistence:org.eclipse.persistence.moxy:4.0.9=runtimeClasspath
org.eclipse.platform:org.eclipse.core.contenttype:3.9.900=compileClasspath,runtimeClasspath
org.eclipse.platform:org.eclipse.core.expressions:3.9.700=compileClasspath,runtimeClasspath
org.eclipse.platform:org.eclipse.core.filesystem:1.11.500=compileClasspath,runtimeClasspath
org.eclipse.platform:org.eclipse.core.jobs:3.15.900=compileClasspath,runtimeClasspath
org.eclipse.platform:org.eclipse.core.resources:3.24.100=compileClasspath,runtimeClasspath
org.eclipse.platform:org.eclipse.core.runtime:3.35.0=compileClasspath,runtimeClasspath
org.eclipse.platform:org.eclipse.equinox.app:1.7.600=compileClasspath,runtimeClasspath
org.eclipse.platform:org.eclipse.equinox.common:3.21.0=compileClasspath,runtimeClasspath
org.eclipse.platform:org.eclipse.equinox.preferences:3.12.100=compileClasspath,runtimeClasspath
org.eclipse.platform:org.eclipse.equinox.registry:3.12.600=compileClasspath,runtimeClasspath
org.eclipse.platform:org.eclipse.osgi:3.24.300=compileClasspath,runtimeClasspath
org.flywaydb:flyway-core:11.20.3=runtimeClasspath
org.flywaydb:flyway-database-hsqldb:11.20.3=runtimeClasspath
org.flywaydb:flyway-database-postgresql:11.20.3=runtimeClasspath
org.glassfish.jaxb:codemodel:4.0.7=compileClasspath,runtimeClasspath
org.glassfish.jaxb:jaxb-core:4.0.7=compileClasspath,runtimeClasspath
org.glassfish.jaxb:jaxb-jxc:4.0.7=compileClasspath,runtimeClasspath
org.glassfish.jaxb:jaxb-xjc:4.0.7=compileClasspath,runtimeClasspath
org.glassfish.jaxb:txw2:4.0.7=compileClasspath,runtimeClasspath
org.glassfish.jaxb:xsom:4.0.7=compileClasspath,runtimeClasspath
org.graalvm.js:js-language:25.0.3=runtimeClasspath
org.graalvm.js:js:25.0.3=runtimeClasspath
org.graalvm.polyglot:js:25.0.3=compileClasspath,runtimeClasspath
org.graalvm.polyglot:polyglot:25.0.3=compileClasspath,runtimeClasspath
org.graalvm.regex:regex:25.0.3=runtimeClasspath
org.graalvm.sdk:collections:25.0.3=compileClasspath,runtimeClasspath
org.graalvm.sdk:jniutils:25.0.3=runtimeClasspath
org.graalvm.sdk:nativeimage:25.0.3=compileClasspath,runtimeClasspath
org.graalvm.sdk:word:25.0.3=compileClasspath,runtimeClasspath
org.graalvm.shadowed:icu4j:25.0.3=runtimeClasspath
org.graalvm.shadowed:xz:25.0.3=runtimeClasspath
org.graalvm.truffle:truffle-api:25.0.3=runtimeClasspath
org.graalvm.truffle:truffle-compiler:25.0.3=runtimeClasspath
org.graalvm.truffle:truffle-runtime:25.0.3=runtimeClasspath
org.hibernate.common:hibernate-commons-annotations:7.0.3.Final=runtimeClasspath
org.hibernate.orm:hibernate-core:6.6.53.Final=compileClasspath,runtimeClasspath
org.hibernate.orm:hibernate-hikaricp:6.6.53.Final=compileClasspath,runtimeClasspath
org.hibernate.orm:hibernate-jcache:6.6.53.Final=compileClasspath,runtimeClasspath
org.hibernate.validator:hibernate-validator:8.0.3.Final=compileClasspath,runtimeClasspath
org.hsqldb:hsqldb:2.7.4=runtimeClasspath
org.iban4j:iban4j:3.2.3-RELEASE=runtimeClasspath
org.jasypt:jasypt:1.9.3=runtimeClasspath
org.javassist:javassist:3.30.2-GA=runtimeClasspath
org.jboss.logging:jboss-logging:3.6.3.Final=compileClasspath,runtimeClasspath
org.jboss.resteasy:resteasy-client-api:6.2.16.Final=compileClasspath,runtimeClasspath
org.jboss.resteasy:resteasy-client:6.2.16.Final=compileClasspath,runtimeClasspath
org.jboss.resteasy:resteasy-core-spi:6.2.16.Final=compileClasspath,runtimeClasspath
org.jboss.resteasy:resteasy-core:6.2.16.Final=compileClasspath,runtimeClasspath
org.jboss.resteasy:resteasy-jackson2-provider:6.2.16.Final=compileClasspath,runtimeClasspath
org.jboss.resteasy:resteasy-jaxb-provider:6.2.16.Final=compileClasspath,runtimeClasspath
org.jboss.resteasy:resteasy-multipart-provider:6.2.16.Final=runtimeClasspath
org.jboss.resteasy:resteasy-undertow:6.2.14.Final=runtimeClasspath
org.jboss.threads:jboss-threads:3.7.0.Final=runtimeClasspath
org.jboss.xnio:xnio-api:3.8.16.Final=runtimeClasspath
org.jboss.xnio:xnio-nio:3.8.16.Final=runtimeClasspath
org.jcrom:jcrom:2.0.0=runtimeClasspath
org.jetbrains.kotlin:kotlin-stdlib:2.2.20=runtimeClasspath
org.jetbrains:annotations:13.0=runtimeClasspath
org.jline:jansi:4.1.0=runtimeClasspath
org.jodd:jodd-util:6.3.0=runtimeClasspath
org.json:json:20250517=runtimeClasspath
org.jsoup:jsoup:1.22.2=runtimeClasspath
org.jspecify:jspecify:1.0.0=compileClasspath,runtimeClasspath
org.junit.jupiter:junit-jupiter-api:5.13.4=runtimeClasspath
org.junit.jupiter:junit-jupiter-engine:5.13.4=runtimeClasspath
org.junit.jupiter:junit-jupiter-params:5.13.4=runtimeClasspath
org.junit.jupiter:junit-jupiter:5.13.4=runtimeClasspath
org.junit.platform:junit-platform-commons:1.13.4=runtimeClasspath
org.junit.platform:junit-platform-engine:1.13.4=runtimeClasspath
org.junit.platform:junit-platform-launcher:1.13.4=runtimeClasspath
org.junit:junit-bom:5.13.4=runtimeClasspath
org.ldaptive:ldaptive:2.5.0=runtimeClasspath
org.mnode.ical4j:ical4j-connector:1.0.1=runtimeClasspath
org.mnode.ical4j:ical4j-extensions:1.0.3=runtimeClasspath
org.mnode.ical4j:ical4j-vcard:1.0.1=runtimeClasspath
org.mnode.ical4j:ical4j:2.2.0=runtimeClasspath
org.mozilla:rhino:1.9.1=compileClasspath,runtimeClasspath
org.mybatis:mybatis:3.5.15=runtimeClasspath
org.objenesis:objenesis:3.4=runtimeClasspath
org.opentest4j:opentest4j:1.3.0=runtimeClasspath
org.osgi:org.osgi.annotation.bundle:2.0.0=compileClasspath
org.osgi:org.osgi.annotation.versioning:1.1.2=compileClasspath
org.osgi:org.osgi.namespace.extender:1.0.1=runtimeClasspath
org.osgi:org.osgi.resource:1.0.0=compileClasspath
org.osgi:org.osgi.service.component.annotations:1.5.1=runtimeClasspath
org.osgi:org.osgi.service.prefs:1.1.2=compileClasspath,runtimeClasspath
org.osgi:org.osgi.service.serviceloader:1.0.0=compileClasspath
org.osgi:org.osgi.util.function:1.0.0=runtimeClasspath
org.osgi:org.osgi.util.promise:1.0.0=runtimeClasspath
org.osgi:osgi.annotation:8.0.1=compileClasspath
org.osgi:osgi.annotation:8.1.0=runtimeClasspath
org.ow2.asm:asm-analysis:9.9.1=runtimeClasspath
org.ow2.asm:asm-commons:9.9.1=runtimeClasspath
org.ow2.asm:asm-tree:9.9.1=runtimeClasspath
org.ow2.asm:asm-util:9.9.1=runtimeClasspath
org.ow2.asm:asm:9.9.1=runtimeClasspath
org.owasp.encoder:encoder:1.4.0=compileClasspath,runtimeClasspath
org.pac4j:jakartaee-pac4j:8.0.3=runtimeClasspath
org.pac4j:pac4j-core:6.5.3=runtimeClasspath
org.pac4j:pac4j-http:6.5.3=runtimeClasspath
org.pac4j:pac4j-jakartaee:6.5.3=runtimeClasspath
org.pac4j:pac4j-ldap:6.5.3=runtimeClasspath
org.postgresql:postgresql:42.7.13=runtimeClasspath
org.quartz-scheduler:quartz:2.5.2=compileClasspath,runtimeClasspath
org.reactivestreams:reactive-streams:1.0.4=compileClasspath,runtimeClasspath
org.redisson:redisson-hibernate-6:4.3.1=runtimeClasspath
org.redisson:redisson:4.3.1=runtimeClasspath
org.reflections:reflections:0.10.2=runtimeClasspath
org.slf4j:jcl-over-slf4j:2.0.18=runtimeClasspath
org.slf4j:jul-to-slf4j:2.0.18=runtimeClasspath
org.slf4j:log4j-over-slf4j:2.0.18=runtimeClasspath
org.slf4j:slf4j-api:2.0.18=compileClasspath,runtimeClasspath
org.springframework:spring-beans:6.2.4=runtimeClasspath
org.springframework:spring-core:6.2.4=runtimeClasspath
org.springframework:spring-jcl:6.2.4=runtimeClasspath
org.threeten:threetenbp:1.3.6=runtimeClasspath
org.wildfly.client:wildfly-client-config:1.0.1.Final=runtimeClasspath
org.wildfly.common:wildfly-common:2.0.0=runtimeClasspath
org.xerial.snappy:snappy-java:1.1.10.7=runtimeClasspath
org.xhtmlrenderer:flying-saucer-core:10.0.6=runtimeClasspath
org.xhtmlrenderer:flying-saucer-pdf:10.0.6=runtimeClasspath
org.yaml:snakeyaml:2.6=runtimeClasspath
xerces:xercesImpl:2.12.2=compileClasspath,runtimeClasspath
xml-apis:xml-apis-ext:1.3.04=compileClasspath,runtimeClasspath
xmlpull:xmlpull:1.1.3.1=compileClasspath,runtimeClasspath
empty=annotationProcessor
